
Microsoft Visual Studio Solution File, Format Version 12.00
# Visual Studio Version 18
VisualStudioVersion = 18.3.11505.172 d18.3
MinimumVisualStudioVersion = 10.0.40219.1
Project("{FAE04EC0-301F-11D3-BF4B-00C04F79EFBC}") = "ConnectFour_Group1", "ConnectFour_Group1\ConnectFour_Group1.csproj", "{EFDD0E13-708F-49A1-85D8-E3308D7F465C}"
EndProject
Project("{2150E333-8FDC-42A3-9474-1A3956D46DE8}") = "Resources", "Resources", "{FDABC69F-B20B-4F04-B0EC-61DB44E2B9C9}"
	ProjectSection(SolutionItems) = preProject
		..\..\..\Pictures\RedChip.png = ..\..\..\Pictures\RedChip.png
		..\..\..\Pictures\YellowChip.png = ..\..\..\Pictures\YellowChip.png
	EndProjectSection
EndProject
Global
	GlobalSection(SolutionConfigurationPlatforms) = preSolution
		Debug|Any CPU = Debug|Any CPU
		Release|Any CPU = Release|Any CPU
	EndGlobalSection
	GlobalSection(ProjectConfigurationPlatforms) = postSolution
		{EFDD0E13-708F-49A1-85D8-E3308D7F465C}.Debug|Any CPU.ActiveCfg = Debug|Any CPU
		{EFDD0E13-708F-49A1-85D8-E3308D7F465C}.Debug|Any CPU.Build.0 = Debug|Any CPU
		{EFDD0E13-708F-49A1-85D8-E3308D7F465C}.Release|Any CPU.ActiveCfg = Release|Any CPU
		{EFDD0E13-708F-49A1-85D8-E3308D7F465C}.Release|Any CPU.Build.0 = Release|Any CPU
	EndGlobalSection
	GlobalSection(SolutionProperties) = preSolution
		HideSolutionNode = FALSE
	EndGlobalSection
	GlobalSection(ExtensibilityGlobals) = postSolution
		SolutionGuid = {4F18736F-E94D-440C-B0D9-0569210BEF31}
	EndGlobalSection
EndGlobal
